
Microsoft Visual Studio Solution File, Format Version 12.00
Project("{FAE04EC0-301F-11D3-BF4B-00C04F79EFBC}") = "LowAbstraction", "LowAbstraction\LowAbstraction.csproj", "{F6CF1AA8-CFB5-4970-8D33-992EE3BAD082}"
EndProject
Global
	GlobalSection(SolutionConfigurationPlatforms) = preSolution
		Debug|Any CPU = Debug|Any CPU
		Release|Any CPU = Release|Any CPU
	EndGlobalSection
	GlobalSection(ProjectConfigurationPlatforms) = postSolution
		{F6CF1AA8-CFB5-4970-8D33-992EE3BAD082}.Debug|Any CPU.ActiveCfg = Debug|Any CPU
		{F6CF1AA8-CFB5-4970-8D33-992EE3BAD082}.Debug|Any CPU.Build.0 = Debug|Any CPU
		{F6CF1AA8-CFB5-4970-8D33-992EE3BAD082}.Release|Any CPU.ActiveCfg = Release|Any CPU
		{F6CF1AA8-CFB5-4970-8D33-992EE3BAD082}.Release|Any CPU.Build.0 = Release|Any CPU
	EndGlobalSection
EndGlobal
